// !$*UTF8*$!
{
	archiveVersion = 1;
	classes = {
	};
	objectVersion = 56;
	objects = {

/* Begin PBXBuildFile section */
		606E34E32AA70EB4009A3262 /* AppDelegate.swift in Sources */ = {isa = PBXBuildFile; fileRef = 606E34E22AA70EB4009A3262 /* AppDelegate.swift */; };
		606E34E52AA70EB4009A3262 /* SceneDelegate.swift in Sources */ = {isa = PBXBuildFile; fileRef = 606E34E42AA70EB4009A3262 /* SceneDelegate.swift */; };
		606E34E72AA70EB4009A3262 /* AnimationViewController.swift in Sources */ = {isa = PBXBuildFile; fileRef = 606E34E62AA70EB4009A3262 /* AnimationViewController.swift */; };
		606E34EA2AA70EB4009A3262 /* Main.storyboard in Resources */ = {isa = PBXBuildFile; fileRef = 606E34E82AA70EB4009A3262 /* Main.storyboard */; };
		606E34EC2AA70EB5009A3262 /* Assets.xcassets in Resources */ = {isa = PBXBuildFile; fileRef = 606E34EB2AA70EB5009A3262 /* Assets.xcassets */; };
		606E34EF2AA70EB5009A3262 /* LaunchScreen.storyboard in Resources */ = {isa = PBXBuildFile; fileRef = 606E34ED2AA70EB5009A3262 /* LaunchScreen.storyboard */; };
		60FDE5052AA713C500EA785B /* Animation.swift in Sources */ = {isa = PBXBuildFile; fileRef = 60FDE5042AA713C500EA785B /* Animation.swift */; };
		60FDE50D2AA7148C00EA785B /* DataStore.swift in Sources */ = {isa = PBXBuildFile; fileRef = 60FDE50C2AA7148C00EA785B /* DataStore.swift */; };
		60FDE5102AA715AB00EA785B /* SpringAnimation in Frameworks */ = {isa = PBXBuildFile; productRef = 60FDE50F2AA715AB00EA785B /* SpringAnimation */; };
/* End PBXBuildFile section */

/* Begin PBXFileReference section */
		606E34DF2AA70EB4009A3262 /* AnimationApp.app */ = {isa = PBXFileReference; explicitFileType = wrapper.application; includeInIndex = 0; path = AnimationApp.app; sourceTree = BUILT_PRODUCTS_DIR; };
		606E34E22AA70EB4009A3262 /* AppDelegate.swift */ = {isa = PBXFileReference; lastKnownFileType = sourcecode.swift; path = AppDelegate.swift; sourceTree = "<group>"; };
		606E34E42AA70EB4009A3262 /* SceneDelegate.swift */ = {isa = PBXFileReference; lastKnownFileType = sourcecode.swift; path = SceneDelegate.swift; sourceTree = "<group>"; };
		606E34E62AA70EB4009A3262 /* AnimationViewController.swift */ = {isa = PBXFileReference; lastKnownFileType = sourcecode.swift; path = AnimationViewController.swift; sourceTree = "<group>"; };
		606E34E92AA70EB4009A3262 /* Base */ = {isa = PBXFileReference; lastKnownFileType = file.storyboard; name = Base; path = Base.lproj/Main.storyboard; sourceTree = "<group>"; };
		606E34EB2AA70EB5009A3262 /* Assets.xcassets */ = {isa = PBXFileReference; lastKnownFileType = folder.assetcatalog; path = Assets.xcassets; sourceTree = "<group>"; };
		606E34EE2AA70EB5009A3262 /* Base */ = {isa = PBXFileReference; lastKnownFileType = file.storyboard; name = Base; path = Base.lproj/LaunchScreen.storyboard; sourceTree = "<group>"; };
		606E34F02AA70EB5009A3262 /* Info.plist */ = {isa = PBXFileReference; lastKnownFileType = text.plist.xml; path = Info.plist; sourceTree = "<group>"; };
		60FDE5042AA713C500EA785B /* Animation.swift */ = {isa = PBXFileReference; lastKnownFileType = sourcecode.swift; path = Animation.swift; sourceTree = "<group>"; };
		60FDE50C2AA7148C00EA785B /* DataStore.swift */ = {isa = PBXFileReference; lastKnownFileType = sourcecode.swift; path = DataStore.swift; sourceTree = "<group>"; };
/* End PBXFileReference section */

/* Begin PBXFrameworksBuildPhase section */
		606E34DC2AA70EB4009A3262 /* Frameworks */ = {
			isa = PBXFrameworksBuildPhase;
			buildActionMask = 2147483647;
			files = (
				60FDE5102AA715AB00EA785B /* SpringAnimation in Frameworks */,
			);
			runOnlyForDeploymentPostprocessing = 0;
		};
/* End PBXFrameworksBuildPhase section */

/* Begin PBXGroup section */
		606E34D62AA70EB4009A3262 = {
			isa = PBXGroup;
			children = (
				606E34E12AA70EB4009A3262 /* AnimationApp */,
				606E34E02AA70EB4009A3262 /* Products */,
			);
			sourceTree = "<group>";
		};
		606E34E02AA70EB4009A3262 /* Products */ = {
			isa = PBXGroup;
			children = (
				606E34DF2AA70EB4009A3262 /* AnimationApp.app */,
			);
			name = Products;
			sourceTree = "<group>";
		};
		606E34E12AA70EB4009A3262 /* AnimationApp */ = {
			isa = PBXGroup;
			children = (
				60FDE5072AA713F000EA785B /* App */,
				60FDE5082AA713FB00EA785B /* ViewControllers */,
				60FDE5062AA713DE00EA785B /* Models */,
				60FDE50B2AA7146200EA785B /* Services */,
				60FDE5092AA7140900EA785B /* Storyboard */,
				60FDE50A2AA7142A00EA785B /* Resourses */,
			);
			path = AnimationApp;
			sourceTree = "<group>";
		};
		60FDE5062AA713DE00EA785B /* Models */ = {
			isa = PBXGroup;
			children = (
				60FDE5042AA713C500EA785B /* Animation.swift */,
			);
			path = Models;
			sourceTree = "<group>";
		};
		60FDE5072AA713F000EA785B /* App */ = {
			isa = PBXGroup;
			children = (
				606E34E22AA70EB4009A3262 /* AppDelegate.swift */,
				606E34E42AA70EB4009A3262 /* SceneDelegate.swift */,
				606E34F02AA70EB5009A3262 /* Info.plist */,
			);
			path = App;
			sourceTree = "<group>";
		};
		60FDE5082AA713FB00EA785B /* ViewControllers */ = {
			isa = PBXGroup;
			children = (
				606E34E62AA70EB4009A3262 /* AnimationViewController.swift */,
			);
			path = ViewControllers;
			sourceTree = "<group>";
		};
		60FDE5092AA7140900EA785B /* Storyboard */ = {
			isa = PBXGroup;
			children = (
				606E34E82AA70EB4009A3262 /* Main.storyboard */,
				606E34ED2AA70EB5009A3262 /* LaunchScreen.storyboard */,
			);
			path = Storyboard;
			sourceTree = "<group>";
		};
		60FDE50A2AA7142A00EA785B /* Resourses */ = {
			isa = PBXGroup;
			children = (
				606E34EB2AA70EB5009A3262 /* Assets.xcassets */,
			);
			path = Resourses;
			sourceTree = "<group>";
		};
		60FDE50B2AA7146200EA785B /* Services */ = {
			isa = PBXGroup;
			children = (
				60FDE50C2AA7148C00EA785B /* DataStore.swift */,
			);
			path = Services;
			sourceTree = "<group>";
		};
/* End PBXGroup section */

/* Begin PBXNativeTarget section */
		606E34DE2AA70EB4009A3262 /* AnimationApp */ = {
			isa = PBXNativeTarget;
			buildConfigurationList = 606E34F32AA70EB5009A3262 /* Build configuration list for PBXNativeTarget "AnimationApp" */;
			buildPhases = (
				606E34DB2AA70EB4009A3262 /* Sources */,
				606E34DC2AA70EB4009A3262 /* Frameworks */,
				606E34DD2AA70EB4009A3262 /* Resources */,
			);
			buildRules = (
			);
			dependencies = (
			);
			name = AnimationApp;
			packageProductDependencies = (
				60FDE50F2AA715AB00EA785B /* SpringAnimation */,
			);
			productName = AnimationApp;
			productReference = 606E34DF2AA70EB4009A3262 /* AnimationApp.app */;
			productType = "com.apple.product-type.application";
		};
/* End PBXNativeTarget section */

/* Begin PBXProject section */
		606E34D72AA70EB4009A3262 /* Project object */ = {
			isa = PBXProject;
			attributes = {
				BuildIndependentTargetsInParallel = 1;
				LastSwiftUpdateCheck = 1430;
				LastUpgradeCheck = 1430;
				TargetAttributes = {
					606E34DE2AA70EB4009A3262 = {
						CreatedOnToolsVersion = 14.3.1;
					};
				};
			};
			buildConfigurationList = 606E34DA2AA70EB4009A3262 /* Build configuration list for PBXProject "AnimationApp" */;
			compatibilityVersion = "Xcode 14.0";
			developmentRegion = en;
			hasScannedForEncodings = 0;
			knownRegions = (
				en,
				Base,
			);
			mainGroup = 606E34D62AA70EB4009A3262;
			packageReferences = (
				60FDE50E2AA715AB00EA785B /* XCRemoteSwiftPackageReference "SpringAnimation" */,
			);
			productRefGroup = 606E34E02AA70EB4009A3262 /* Products */;
			projectDirPath = "";
			projectRoot = "";
			targets = (
				606E34DE2AA70EB4009A3262 /* AnimationApp */,
			);
		};
/* End PBXProject section */

/* Begin PBXResourcesBuildPhase section */
		606E34DD2AA70EB4009A3262 /* Resources */ = {
			isa = PBXResourcesBuildPhase;
			buildActionMask = 2147483647;
			files = (
				606E34EF2AA70EB5009A3262 /* LaunchScreen.storyboard in Resources */,
				606E34EC2AA70EB5009A3262 /* Assets.xcassets in Resources */,
				606E34EA2AA70EB4009A3262 /* Main.storyboard in Resources */,
			);
			runOnlyForDeploymentPostprocessing = 0;
		};
/* End PBXResourcesBuildPhase section */

/* Begin PBXSourcesBuildPhase section */
		606E34DB2AA70EB4009A3262 /* Sources */ = {
			isa = PBXSourcesBuildPhase;
			buildActionMask = 2147483647;
			files = (
				606E34E72AA70EB4009A3262 /* AnimationViewController.swift in Sources */,
				606E34E32AA70EB4009A3262 /* AppDelegate.swift in Sources */,
				60FDE5052AA713C500EA785B /* Animation.swift in Sources */,
				60FDE50D2AA7148C00EA785B /* DataStore.swift in Sources */,
				606E34E52AA70EB4009A3262 /* SceneDelegate.swift in Sources */,
			);
			runOnlyForDeploymentPostprocessing = 0;
		};
/* End PBXSourcesBuildPhase section */

/* Begin PBXVariantGroup section */
		606E34E82AA70EB4009A3262 /* Main.storyboard */ = {
			isa = PBXVariantGroup;
			children = (
				606E34E92AA70EB4009A3262 /* Base */,
			);
			name = Main.storyboard;
			sourceTree = "<group>";
		};
		606E34ED2AA70EB5009A3262 /* LaunchScreen.storyboard */ = {
			isa = PBXVariantGroup;
			children = (
				606E34EE2AA70EB5009A3262 /* Base */,
			);
			name = LaunchScreen.storyboard;
			sourceTree = "<group>";
		};
/* End PBXVariantGroup section */

/* Begin XCBuildConfiguration section */
		606E34F12AA70EB5009A3262 /* Debug */ = {
			isa = XCBuildConfiguration;
			buildSettings = {
				ALWAYS_SEARCH_USER_PATHS = NO;
				CLANG_ANALYZER_NONNULL = YES;
				CLANG_ANALYZER_NUMBER_OBJECT_CONVERSION = YES_AGGRESSIVE;
				CLANG_CXX_LANGUAGE_STANDARD = "gnu++20";
				CLANG_ENABLE_MODULES = YES;
				CLANG_ENABLE_OBJC_ARC = YES;
				CLANG_ENABLE_OBJC_WEAK = YES;
				CLANG_WARN_BLOCK_CAPTURE_AUTORELEASING = YES;
				CLANG_WARN_BOOL_CONVERSION = YES;
				CLANG_WARN_COMMA = YES;
				CLANG_WARN_CONSTANT_CONVERSION = YES;
				CLANG_WARN_DEPRECATED_OBJC_IMPLEMENTATIONS = YES;
				CLANG_WARN_DIRECT_OBJC_ISA_USAGE = YES_ERROR;
				CLANG_WARN_DOCUMENTATION_COMMENTS = YES;
				CLANG_WARN_EMPTY_BODY = YES;
				CLANG_WARN_ENUM_CONVERSION = YES;
				CLANG_WARN_INFINITE_RECURSION = YES;
				CLANG_WARN_INT_CONVERSION = YES;
				CLANG_WARN_NON_LITERAL_NULL_CONVERSION = YES;
				CLANG_WARN_OBJC_IMPLICIT_RETAIN_SELF = YES;
				CLANG_WARN_OBJC_LITERAL_CONVERSION = YES;
				CLANG_WARN_OBJC_ROOT_CLASS = YES_ERROR;
				CLANG_WARN_QUOTED_INCLUDE_IN_FRAMEWORK_HEADER = YES;
				CLANG_WARN_RANGE_LOOP_ANALYSIS = YES;
				CLANG_WARN_STRICT_PROTOTYPES = YES;
				CLANG_WARN_SUSPICIOUS_MOVE = YES;
				CLANG_WARN_UNGUARDED_AVAILABILITY = YES_AGGRESSIVE;
				CLANG_WARN_UNREACHABLE_CODE = YES;
				CLANG_WARN__DUPLICATE_METHOD_MATCH = YES;
				COPY_PHASE_STRIP = NO;
				DEBUG_INFORMATION_FORMAT = dwarf;
				ENABLE_STRICT_OBJC_MSGSEND = YES;
				ENABLE_TESTABILITY = YES;
				GCC_C_LANGUAGE_STANDARD = gnu11;
				GCC_DYNAMIC_NO_PIC = NO;
				GCC_NO_COMMON_BLOCKS = YES;
				GCC_OPTIMIZATION_LEVEL = 0;
				GCC_PREPROCESSOR_DEFINITIONS = (
					"DEBUG=1",
					"$(inherited)",
				);
				GCC_WARN_64_TO_32_BIT_CONVERSION = YES;
				GCC_WARN_ABOUT_RETURN_TYPE = YES_ERROR;
				GCC_WARN_UNDECLARED_SELECTOR = YES;
				GCC_WARN_UNINITIALIZED_AUTOS = YES_AGGRESSIVE;
				GCC_WARN_UNUSED_FUNCTION = YES;
				GCC_WARN_UNUSED_VARIABLE = YES;
				IPHONEOS_DEPLOYMENT_TARGET = 16.4;
				MTL_ENABLE_DEBUG_INFO = INCLUDE_SOURCE;
				MTL_FAST_MATH = YES;
				ONLY_ACTIVE_ARCH = YES;
				SDKROOT = iphoneos;
				SWIFT_ACTIVE_COMPILATION_CONDITIONS = DEBUG;
				SWIFT_OPTIMIZATION_LEVEL = "-Onone";
			};
			name = Debug;
		};
		606E34F22AA70EB5009A3262 /* Release */ = {
			isa = XCBuildConfiguration;
			buildSettings = {
				ALWAYS_SEARCH_USER_PATHS = NO;
				CLANG_ANALYZER_NONNULL = YES;
				CLANG_ANALYZER_NUMBER_OBJECT_CONVERSION = YES_AGGRESSIVE;
				CLANG_CXX_LANGUAGE_STANDARD = "gnu++20";
				CLANG_ENABLE_MODULES = YES;
				CLANG_ENABLE_OBJC_ARC = YES;
				CLANG_ENABLE_OBJC_WEAK = YES;
				CLANG_WARN_BLOCK_CAPTURE_AUTORELEASING = YES;
				CLANG_WARN_BOOL_CONVERSION = YES;
				CLANG_WARN_COMMA = YES;
				CLANG_WARN_CONSTANT_CONVERSION = YES;
				CLANG_WARN_DEPRECATED_OBJC_IMPLEMENTATIONS = YES;
				CLANG_WARN_DIRECT_OBJC_ISA_USAGE = YES_ERROR;
				CLANG_WARN_DOCUMENTATION_COMMENTS = YES;
				CLANG_WARN_EMPTY_BODY = YES;
				CLANG_WARN_ENUM_CONVERSION = YES;
				CLANG_WARN_INFINITE_RECURSION = YES;
				CLANG_WARN_INT_CONVERSION = YES;
				CLANG_WARN_NON_LITERAL_NULL_CONVERSION = YES;
				CLANG_WARN_OBJC_IMPLICIT_RETAIN_SELF = YES;
				CLANG_WARN_OBJC_LITERAL_CONVERSION = YES;
				CLANG_WARN_OBJC_ROOT_CLASS = YES_ERROR;
				CLANG_WARN_QUOTED_INCLUDE_IN_FRAMEWORK_HEADER = YES;
				CLANG_WARN_RANGE_LOOP_ANALYSIS = YES;
				CLANG_WARN_STRICT_PROTOTYPES = YES;
				CLANG_WARN_SUSPICIOUS_MOVE = YES;
				CLANG_WARN_UNGUARDED_AVAILABILITY = YES_AGGRESSIVE;
				CLANG_WARN_UNREACHABLE_CODE = YES;
				CLANG_WARN__DUPLICATE_METHOD_MATCH = YES;
				COPY_PHASE_STRIP = NO;
				DEBUG_INFORMATION_FORMAT = "dwarf-with-dsym";
				ENABLE_NS_ASSERTIONS = NO;
				ENABLE_STRICT_OBJC_MSGSEND = YES;
				GCC_C_LANGUAGE_STANDARD = gnu11;
				GCC_NO_COMMON_BLOCKS = YES;
				GCC_WARN_64_TO_32_BIT_CONVERSION = YES;
				GCC_WARN_ABOUT_RETURN_TYPE = YES_ERROR;
				GCC_WARN_UNDECLARED_SELECTOR = YES;
				GCC_WARN_UNINITIALIZED_AUTOS = YES_AGGRESSIVE;
				GCC_WARN_UNUSED_FUNCTION = YES;
				GCC_WARN_UNUSED_VARIABLE = YES;
				IPHONEOS_DEPLOYMENT_TARGET = 16.4;
				MTL_ENABLE_DEBUG_INFO = NO;
				MTL_FAST_MATH = YES;
				SDKROOT = iphoneos;
				SWIFT_COMPILATION_MODE = wholemodule;
				SWIFT_OPTIMIZATION_LEVEL = "-O";
				VALIDATE_PRODUCT = YES;
			};
			name = Release;
		};
		606E34F42AA70EB5009A3262 /* Debug */ = {
			isa = XCBuildConfiguration;
			buildSettings = {
				ASSETCATALOG_COMPILER_APPICON_NAME = AppIcon;
				ASSETCATALOG_COMPILER_GLOBAL_ACCENT_COLOR_NAME = AccentColor;
				CODE_SIGN_STYLE = Automatic;
				CURRENT_PROJECT_VERSION = 1;
				DEVELOPMENT_TEAM = FVQZR7MUR6;
				GENERATE_INFOPLIST_FILE = YES;
				INFOPLIST_FILE = AnimationApp/App/Info.plist;
				INFOPLIST_KEY_UIApplicationSupportsIndirectInputEvents = YES;
				INFOPLIST_KEY_UILaunchStoryboardName = LaunchScreen;
				INFOPLIST_KEY_UIMainStoryboardFile = Main;
				INFOPLIST_KEY_UISupportedInterfaceOrientations_iPad = "UIInterfaceOrientationPortrait UIInterfaceOrientationPortraitUpsideDown UIInterfaceOrientationLandscapeLeft UIInterfaceOrientationLandscapeRight";
				INFOPLIST_KEY_UISupportedInterfaceOrientations_iPhone = "UIInterfaceOrientationPortrait UIInterfaceOrientationLandscapeLeft UIInterfaceOrientationLandscapeRight";
				LD_RUNPATH_SEARCH_PATHS = (
					"$(inherited)",
					"@executable_path/Frameworks",
				);
				MARKETING_VERSION = 1.0;
				PRODUCT_BUNDLE_IDENTIFIER = "Vydrin-S.V.AnimationApp";
				PRODUCT_NAME = "$(TARGET_NAME)";
				SUPPORTED_PLATFORMS = "iphoneos iphonesimulator";
				SUPPORTS_MACCATALYST = NO;
				SUPPORTS_MAC_DESIGNED_FOR_IPHONE_IPAD = NO;
				SWIFT_EMIT_LOC_STRINGS = YES;
				SWIFT_VERSION = 5.0;
				TARGETED_DEVICE_FAMILY = 1;
			};
			name = Debug;
		};
		606E34F52AA70EB5009A3262 /* Release */ = {
			isa = XCBuildConfiguration;
			buildSettings = {
				ASSETCATALOG_COMPILER_APPICON_NAME = AppIcon;
				ASSETCATALOG_COMPILER_GLOBAL_ACCENT_COLOR_NAME = AccentColor;
				CODE_SIGN_STYLE = Automatic;
				CURRENT_PROJECT_VERSION = 1;
				DEVELOPMENT_TEAM = FVQZR7MUR6;
				GENERATE_INFOPLIST_FILE = YES;
				INFOPLIST_FILE = AnimationApp/App/Info.plist;
				INFOPLIST_KEY_UIApplicationSupportsIndirectInputEvents = YES;
				INFOPLIST_KEY_UILaunchStoryboardName = LaunchScreen;
				INFOPLIST_KEY_UIMainStoryboardFile = Main;
				INFOPLIST_KEY_UISupportedInterfaceOrientations_iPad = "UIInterfaceOrientationPortrait UIInterfaceOrientationPortraitUpsideDown UIInterfaceOrientationLandscapeLeft UIInterfaceOrientationLandscapeRight";
				INFOPLIST_KEY_UISupportedInterfaceOrientations_iPhone = "UIInterfaceOrientationPortrait UIInterfaceOrientationLandscapeLeft UIInterfaceOrientationLandscapeRight";
				LD_RUNPATH_SEARCH_PATHS = (
					"$(inherited)",
					"@executable_path/Frameworks",
				);
				MARKETING_VERSION = 1.0;
				PRODUCT_BUNDLE_IDENTIFIER = "Vydrin-S.V.AnimationApp";
				PRODUCT_NAME = "$(TARGET_NAME)";
				SUPPORTED_PLATFORMS = "iphoneos iphonesimulator";
				SUPPORTS_MACCATALYST = NO;
				SUPPORTS_MAC_DESIGNED_FOR_IPHONE_IPAD = NO;
				SWIFT_EMIT_LOC_STRINGS = YES;
				SWIFT_VERSION = 5.0;
				TARGETED_DEVICE_FAMILY = 1;
			};
			name = Release;
		};
/* End XCBuildConfiguration section */

/* Begin XCConfigurationList section */
		606E34DA2AA70EB4009A3262 /* Build configuration list for PBXProject "AnimationApp" */ = {
			isa = XCConfigurationList;
			buildConfigurations = (
				606E34F12AA70EB5009A3262 /* Debug */,
				606E34F22AA70EB5009A3262 /* Release */,
			);
			defaultConfigurationIsVisible = 0;
			defaultConfigurationName = Release;
		};
		606E34F32AA70EB5009A3262 /* Build configuration list for PBXNativeTarget "AnimationApp" */ = {
			isa = XCConfigurationList;
			buildConfigurations = (
				606E34F42AA70EB5009A3262 /* Debug */,
				606E34F52AA70EB5009A3262 /* Release */,
			);
			defaultConfigurationIsVisible = 0;
			defaultConfigurationName = Release;
		};
/* End XCConfigurationList section */

/* Begin XCRemoteSwiftPackageReference section */
		60FDE50E2AA715AB00EA785B /* XCRemoteSwiftPackageReference "SpringAnimation" */ = {
			isa = XCRemoteSwiftPackageReference;
			repositoryURL = "https://github.com/LexDeBash/SpringAnimation";
			requirement = {
				kind = upToNextMajorVersion;
				minimumVersion = 0.3.0;
			};
		};
/* End XCRemoteSwiftPackageReference section */

/* Begin XCSwiftPackageProductDependency section */
		60FDE50F2AA715AB00EA785B /* SpringAnimation */ = {
			isa = XCSwiftPackageProductDependency;
			package = 60FDE50E2AA715AB00EA785B /* XCRemoteSwiftPackageReference "SpringAnimation" */;
			productName = SpringAnimation;
		};
/* End XCSwiftPackageProductDependency section */
	};
	rootObject = 606E34D72AA70EB4009A3262 /* Project object */;
}
